
Microsoft Visual Studio Solution File, Format Version 12.00
# Visual Studio Version 16
VisualStudioVersion = 16.0.32002.261
MinimumVisualStudioVersion = 10.0.40219.1
Project("{FAE04EC0-301F-11D3-BF4B-00C04F79EFBC}") = "SalesWebMvc", "SalesWebMvc\SalesWebMvc.csproj", "{AD46FB60-86F7-4079-A862-2917002D7584}"
EndProject
Global
	GlobalSection(SolutionConfigurationPlatforms) = preSolution
		Debug|Any CPU = Debug|Any CPU
		Release|Any CPU = Release|Any CPU
	EndGlobalSection
	GlobalSection(ProjectConfigurationPlatforms) = postSolution
		{AD46FB60-86F7-4079-A862-2917002D7584}.Debug|Any CPU.ActiveCfg = Debug|Any CPU
		{AD46FB60-86F7-4079-A862-2917002D7584}.Debug|Any CPU.Build.0 = Debug|Any CPU
		{AD46FB60-86F7-4079-A862-2917002D7584}.Release|Any CPU.ActiveCfg = Release|Any CPU
		{AD46FB60-86F7-4079-A862-2917002D7584}.Release|Any CPU.Build.0 = Release|Any CPU
	EndGlobalSection
	GlobalSection(SolutionProperties) = preSolution
		HideSolutionNode = FALSE
	EndGlobalSection
	GlobalSection(ExtensibilityGlobals) = postSolution
		SolutionGuid = {350B43E4-8AB9-4745-B943-05D961BD4290}
	EndGlobalSection
EndGlobal
